
Microsoft Visual Studio Solution File, Format Version 12.00
# Visual Studio Version 16
VisualStudioVersion = 16.0.30804.86
MinimumVisualStudioVersion = 10.0.40219.1
Project("{FAE04EC0-301F-11D3-BF4B-00C04F79EFBC}") = "DatingApp.API", "DatingApp.API\DatingApp.API.csproj", "{878B463A-29E9-4010-8EC6-757B5C768764}"
EndProject
Global
	GlobalSection(SolutionConfigurationPlatforms) = preSolution
		Debug|Any CPU = Debug|Any CPU
		Release|Any CPU = Release|Any CPU
	EndGlobalSection
	GlobalSection(ProjectConfigurationPlatforms) = postSolution
		{878B463A-29E9-4010-8EC6-757B5C768764}.Debug|Any CPU.ActiveCfg = Debug|Any CPU
		{878B463A-29E9-4010-8EC6-757B5C768764}.Debug|Any CPU.Build.0 = Debug|Any CPU
		{878B463A-29E9-4010-8EC6-757B5C768764}.Release|Any CPU.ActiveCfg = Release|Any CPU
		{878B463A-29E9-4010-8EC6-757B5C768764}.Release|Any CPU.Build.0 = Release|Any CPU
	EndGlobalSection
	GlobalSection(SolutionProperties) = preSolution
		HideSolutionNode = FALSE
	EndGlobalSection
	GlobalSection(ExtensibilityGlobals) = postSolution
		SolutionGuid = {E1AF4D09-5A39-45AE-9C07-808D38B29FF9}
	EndGlobalSection
EndGlobal
